
Microsoft Visual Studio Solution File, Format Version 12.00
# Visual Studio Version 17
VisualStudioVersion = 17.3.32825.248
MinimumVisualStudioVersion = 10.0.40219.1
Project("{FAE04EC0-301F-11D3-BF4B-00C04F79EFBC}") = "MediEval", "MediEval\MediEval.csproj", "{8B1D1D5A-EC09-4586-ACEB-3D6F832686FF}"
EndProject
Global
	GlobalSection(SolutionConfigurationPlatforms) = preSolution
		Debug|Any CPU = Debug|Any CPU
		Release|Any CPU = Release|Any CPU
	EndGlobalSection
	GlobalSection(ProjectConfigurationPlatforms) = postSolution
		{8B1D1D5A-EC09-4586-ACEB-3D6F832686FF}.Debug|Any CPU.ActiveCfg = Debug|Any CPU
		{8B1D1D5A-EC09-4586-ACEB-3D6F832686FF}.Debug|Any CPU.Build.0 = Debug|Any CPU
		{8B1D1D5A-EC09-4586-ACEB-3D6F832686FF}.Release|Any CPU.ActiveCfg = Release|Any CPU
		{8B1D1D5A-EC09-4586-ACEB-3D6F832686FF}.Release|Any CPU.Build.0 = Release|Any CPU
	EndGlobalSection
	GlobalSection(SolutionProperties) = preSolution
		HideSolutionNode = FALSE
	EndGlobalSection
	GlobalSection(ExtensibilityGlobals) = postSolution
		SolutionGuid = {C8E57B93-D3D7-4540-AF93-A6334BAB611A}
	EndGlobalSection
EndGlobal
